
Microsoft Visual Studio Solution File, Format Version 12.00
# Visual Studio Version 17
VisualStudioVersion = 17.10.35004.147
MinimumVisualStudioVersion = 10.0.40219.1
Project("{FAE04EC0-301F-11D3-BF4B-00C04F79EFBC}") = "LCode", "LCode\LCode.csproj", "{51D41F41-7552-4F9D-BC94-236B1DEF0999}"
EndProject
Global
	GlobalSection(SolutionConfigurationPlatforms) = preSolution
		Debug|Any CPU = Debug|Any CPU
		Release|Any CPU = Release|Any CPU
	EndGlobalSection
	GlobalSection(ProjectConfigurationPlatforms) = postSolution
		{51D41F41-7552-4F9D-BC94-236B1DEF0999}.Debug|Any CPU.ActiveCfg = Debug|Any CPU
		{51D41F41-7552-4F9D-BC94-236B1DEF0999}.Debug|Any CPU.Build.0 = Debug|Any CPU
		{51D41F41-7552-4F9D-BC94-236B1DEF0999}.Release|Any CPU.ActiveCfg = Release|Any CPU
		{51D41F41-7552-4F9D-BC94-236B1DEF0999}.Release|Any CPU.Build.0 = Release|Any CPU
	EndGlobalSection
	GlobalSection(SolutionProperties) = preSolution
		HideSolutionNode = FALSE
	EndGlobalSection
	GlobalSection(ExtensibilityGlobals) = postSolution
		SolutionGuid = {6D718126-AE3F-4B7E-A9F0-EAE7FF7E370B}
	EndGlobalSection
EndGlobal
